// !$*UTF8*$!
{
	archiveVersion = 1;
	classes = {
	};
	objectVersion = 46;
	objects = {

/* Begin PBXBuildFile section */
		6302902D1E0C7A1900A39835 /* PHAssetWithCollectionIndex.m in Sources */ = {isa = PBXBuildFile; fileRef = 6302902C1E0C7A1900A39835 /* PHAssetWithCollectionIndex.m */; };
		632D5ED31DF19458006A862C /* PHAssetsService_getAssetsForFetchResultTests.m in Sources */ = {isa = PBXBuildFile; fileRef = 632D5ED21DF19458006A862C /* PHAssetsService_getAssetsForFetchResultTests.m */; };
		632D5ED51DF19458006A862C /* libRNPhotosFramework.a in Frameworks */ = {isa = PBXBuildFile; fileRef = 632F8C131DB758E7007E83E1 /* libRNPhotosFramework.a */; };
		632D5EDD1DF19526006A862C /* libReact.a in Frameworks */ = {isa = PBXBuildFile; fileRef = 632D5EDC1DF19526006A862C /* libReact.a */; };
		632F8C251DB75A4A007E83E1 /* PHCachingImageManagerInstance.m in Sources */ = {isa = PBXBuildFile; fileRef = 632F8C201DB75A4A007E83E1 /* PHCachingImageManagerInstance.m */; };
		632F8C261DB75A4A007E83E1 /* RNPFManager.m in Sources */ = {isa = PBXBuildFile; fileRef = 632F8C221DB75A4A007E83E1 /* RNPFManager.m */; };
		632F8C271DB75A4A007E83E1 /* RNPFImageLoader.m in Sources */ = {isa = PBXBuildFile; fileRef = 632F8C241DB75A4A007E83E1 /* RNPFImageLoader.m */; };
		6342E0701DC346E300F7765E /* PHSaveAssetRequest.m in Sources */ = {isa = PBXBuildFile; fileRef = 6342E06F1DC346E300F7765E /* PHSaveAssetRequest.m */; };
		63880A7B1E1281F3007532B2 /* RCTConvert+RNPhotosFrameworkTests.m in Sources */ = {isa = PBXBuildFile; fileRef = 63880A7A1E1281F3007532B2 /* RCTConvert+RNPhotosFrameworkTests.m */; };
		639BE3591DB82A7C00A2BE6F /* RCTConvert+RNPhotosFramework.m in Sources */ = {isa = PBXBuildFile; fileRef = 639BE3581DB82A7C00A2BE6F /* RCTConvert+RNPhotosFramework.m */; };
		639BE3661DBB902E00A2BE6F /* PHChangeObserver.m in Sources */ = {isa = PBXBuildFile; fileRef = 639BE3651DBB902E00A2BE6F /* PHChangeObserver.m */; };
		63A33AA51DBE94350022B5FF /* PHCachedFetchResult.m in Sources */ = {isa = PBXBuildFile; fileRef = 63A33AA41DBE94350022B5FF /* PHCachedFetchResult.m */; };
		63A33AA81DBE9D3F0022B5FF /* PHAssetsService.m in Sources */ = {isa = PBXBuildFile; fileRef = 63A33AA71DBE9D3F0022B5FF /* PHAssetsService.m */; };
		63A33AAE1DBE9DB80022B5FF /* PHFetchOptionsService.m in Sources */ = {isa = PBXBuildFile; fileRef = 63A33AAD1DBE9DB80022B5FF /* PHFetchOptionsService.m */; };
		63A33AB11DBEA06C0022B5FF /* PHCollectionService.m in Sources */ = {isa = PBXBuildFile; fileRef = 63A33AB01DBEA06C0022B5FF /* PHCollectionService.m */; };
		63C543481DC00BDA004BFE57 /* RNPFHelpers.m in Sources */ = {isa = PBXBuildFile; fileRef = 63C543471DC00BDA004BFE57 /* RNPFHelpers.m */; };
		8C2A0F491E22FBB500E31596 /* PHSaveAsset.m in Sources */ = {isa = PBXBuildFile; fileRef = 8C2A0F481E22FBB500E31596 /* PHSaveAsset.m */; };
		8C2A0FB81E2584F300E31596 /* RNPFFileDownloader.m in Sources */ = {isa = PBXBuildFile; fileRef = 8C2A0FB71E2584F300E31596 /* RNPFFileDownloader.m */; };
		8C2A0FC71E2788F800E31596 /* PHCreateMediaQueue.m in Sources */ = {isa = PBXBuildFile; fileRef = 8C2A0FC61E2788F800E31596 /* PHCreateMediaQueue.m */; };
		8C2A0FCA1E27940300E31596 /* PHOperationResult.m in Sources */ = {isa = PBXBuildFile; fileRef = 8C2A0FC91E27940300E31596 /* PHOperationResult.m */; };
		8C2A0FCD1E2826E300E31596 /* iDebounce.m in Sources */ = {isa = PBXBuildFile; fileRef = 8C2A0FCC1E2826E200E31596 /* iDebounce.m */; };
		8C2A0FD01E283B6400E31596 /* PHCache.m in Sources */ = {isa = PBXBuildFile; fileRef = 8C2A0FCF1E283B6400E31596 /* PHCache.m */; };
/* End PBXBuildFile section */

/* Begin PBXContainerItemProxy section */
		632D5ED61DF19458006A862C /* PBXContainerItemProxy */ = {
			isa = PBXContainerItemProxy;
			containerPortal = 632F8C0B1DB758E6007E83E1 /* Project object */;
			proxyType = 1;
			remoteGlobalIDString = 632F8C121DB758E6007E83E1;
			remoteInfo = RNPhotosFramework;
		};
/* End PBXContainerItemProxy section */

/* Begin PBXCopyFilesBuildPhase section */
		632F8C111DB758E6007E83E1 /* CopyFiles */ = {
			isa = PBXCopyFilesBuildPhase;
			buildActionMask = 2147483647;
			dstPath = "include/$(PRODUCT_NAME)";
			dstSubfolderSpec = 16;
			files = (
			);
			runOnlyForDeploymentPostprocessing = 0;
		};
/* End PBXCopyFilesBuildPhase section */

/* Begin PBXFileReference section */
		6302902B1E0C7A1900A39835 /* PHAssetWithCollectionIndex.h */ = {isa = PBXFileReference; fileEncoding = 4; lastKnownFileType = sourcecode.c.h; path = PHAssetWithCollectionIndex.h; sourceTree = "<group>"; };
		6302902C1E0C7A1900A39835 /* PHAssetWithCollectionIndex.m */ = {isa = PBXFileReference; fileEncoding = 4; lastKnownFileType = sourcecode.c.objc; path = PHAssetWithCollectionIndex.m; sourceTree = "<group>"; };
		632D5ED01DF19458006A862C /* RNPhotosFrameworkTests.xctest */ = {isa = PBXFileReference; explicitFileType = wrapper.cfbundle; includeInIndex = 0; path = RNPhotosFrameworkTests.xctest; sourceTree = BUILT_PRODUCTS_DIR; };
		632D5ED21DF19458006A862C /* PHAssetsService_getAssetsForFetchResultTests.m */ = {isa = PBXFileReference; lastKnownFileType = sourcecode.c.objc; path = PHAssetsService_getAssetsForFetchResultTests.m; sourceTree = "<group>"; };
		632D5ED41DF19458006A862C /* Info.plist */ = {isa = PBXFileReference; lastKnownFileType = text.plist.xml; path = Info.plist; sourceTree = "<group>"; };
		632D5EDC1DF19526006A862C /* libReact.a */ = {isa = PBXFileReference; lastKnownFileType = archive.ar; name = libReact.a; path = "../node_modules/react-native/React/build/Debug-iphoneos/libReact.a"; sourceTree = "<group>"; };
		632F8C131DB758E7007E83E1 /* libRNPhotosFramework.a */ = {isa = PBXFileReference; explicitFileType = archive.ar; includeInIndex = 0; path = libRNPhotosFramework.a; sourceTree = BUILT_PRODUCTS_DIR; };
		632F8C1F1DB75A4A007E83E1 /* PHCachingImageManagerInstance.h */ = {isa = PBXFileReference; fileEncoding = 4; lastKnownFileType = sourcecode.c.h; path = PHCachingImageManagerInstance.h; sourceTree = "<group>"; };
		632F8C201DB75A4A007E83E1 /* PHCachingImageManagerInstance.m */ = {isa = PBXFileReference; fileEncoding = 4; lastKnownFileType = sourcecode.c.objc; path = PHCachingImageManagerInstance.m; sourceTree = "<group>"; };
		632F8C211DB75A4A007E83E1 /* RNPFManager.h */ = {isa = PBXFileReference; fileEncoding = 4; lastKnownFileType = sourcecode.c.h; path = RNPFManager.h; sourceTree = "<group>"; };
		632F8C221DB75A4A007E83E1 /* RNPFManager.m */ = {isa = PBXFileReference; fileEncoding = 4; lastKnownFileType = sourcecode.c.objc; path = RNPFManager.m; sourceTree = "<group>"; };
		632F8C231DB75A4A007E83E1 /* RNPFImageLoader.h */ = {isa = PBXFileReference; fileEncoding = 4; lastKnownFileType = sourcecode.c.h; path = RNPFImageLoader.h; sourceTree = "<group>"; };
		632F8C241DB75A4A007E83E1 /* RNPFImageLoader.m */ = {isa = PBXFileReference; fileEncoding = 4; lastKnownFileType = sourcecode.c.objc; path = RNPFImageLoader.m; sourceTree = "<group>"; };
		6342E06E1DC346E300F7765E /* PHSaveAssetRequest.h */ = {isa = PBXFileReference; fileEncoding = 4; lastKnownFileType = sourcecode.c.h; path = PHSaveAssetRequest.h; sourceTree = "<group>"; };
		6342E06F1DC346E300F7765E /* PHSaveAssetRequest.m */ = {isa = PBXFileReference; fileEncoding = 4; lastKnownFileType = sourcecode.c.objc; path = PHSaveAssetRequest.m; sourceTree = "<group>"; };
		63880A7A1E1281F3007532B2 /* RCTConvert+RNPhotosFrameworkTests.m */ = {isa = PBXFileReference; fileEncoding = 4; lastKnownFileType = sourcecode.c.objc; path = "RCTConvert+RNPhotosFrameworkTests.m"; sourceTree = "<group>"; };
		639BE3571DB82A7C00A2BE6F /* RCTConvert+RNPhotosFramework.h */ = {isa = PBXFileReference; fileEncoding = 4; lastKnownFileType = sourcecode.c.h; path = "RCTConvert+RNPhotosFramework.h"; sourceTree = "<group>"; };
		639BE3581DB82A7C00A2BE6F /* RCTConvert+RNPhotosFramework.m */ = {isa = PBXFileReference; fileEncoding = 4; lastKnownFileType = sourcecode.c.objc; path = "RCTConvert+RNPhotosFramework.m"; sourceTree = "<group>"; };
		639BE3641DBB902E00A2BE6F /* PHChangeObserver.h */ = {isa = PBXFileReference; fileEncoding = 4; lastKnownFileType = sourcecode.c.h; path = PHChangeObserver.h; sourceTree = "<group>"; };
		639BE3651DBB902E00A2BE6F /* PHChangeObserver.m */ = {isa = PBXFileReference; fileEncoding = 4; lastKnownFileType = sourcecode.c.objc; path = PHChangeObserver.m; sourceTree = "<group>"; };
		63A33AA31DBE94350022B5FF /* PHCachedFetchResult.h */ = {isa = PBXFileReference; fileEncoding = 4; lastKnownFileType = sourcecode.c.h; path = PHCachedFetchResult.h; sourceTree = "<group>"; };
		63A33AA41DBE94350022B5FF /* PHCachedFetchResult.m */ = {isa = PBXFileReference; fileEncoding = 4; lastKnownFileType = sourcecode.c.objc; path = PHCachedFetchResult.m; sourceTree = "<group>"; };
		63A33AA61DBE9D3F0022B5FF /* PHAssetsService.h */ = {isa = PBXFileReference; fileEncoding = 4; lastKnownFileType = sourcecode.c.h; path = PHAssetsService.h; sourceTree = "<group>"; };
		63A33AA71DBE9D3F0022B5FF /* PHAssetsService.m */ = {isa = PBXFileReference; fileEncoding = 4; lastKnownFileType = sourcecode.c.objc; path = PHAssetsService.m; sourceTree = "<group>"; };
		63A33AAC1DBE9DB80022B5FF /* PHFetchOptionsService.h */ = {isa = PBXFileReference; fileEncoding = 4; lastKnownFileType = sourcecode.c.h; path = PHFetchOptionsService.h; sourceTree = "<group>"; };
		63A33AAD1DBE9DB80022B5FF /* PHFetchOptionsService.m */ = {isa = PBXFileReference; fileEncoding = 4; lastKnownFileType = sourcecode.c.objc; path = PHFetchOptionsService.m; sourceTree = "<group>"; };
		63A33AAF1DBEA06C0022B5FF /* PHCollectionService.h */ = {isa = PBXFileReference; fileEncoding = 4; lastKnownFileType = sourcecode.c.h; path = PHCollectionService.h; sourceTree = "<group>"; };
		63A33AB01DBEA06C0022B5FF /* PHCollectionService.m */ = {isa = PBXFileReference; fileEncoding = 4; lastKnownFileType = sourcecode.c.objc; path = PHCollectionService.m; sourceTree = "<group>"; };
		63C543461DC00BDA004BFE57 /* RNPFHelpers.h */ = {isa = PBXFileReference; fileEncoding = 4; lastKnownFileType = sourcecode.c.h; path = RNPFHelpers.h; sourceTree = "<group>"; };
		63C543471DC00BDA004BFE57 /* RNPFHelpers.m */ = {isa = PBXFileReference; fileEncoding = 4; lastKnownFileType = sourcecode.c.objc; path = RNPFHelpers.m; sourceTree = "<group>"; };
		8C2A0F471E22FBB500E31596 /* PHSaveAsset.h */ = {isa = PBXFileReference; fileEncoding = 4; lastKnownFileType = sourcecode.c.h; path = PHSaveAsset.h; sourceTree = "<group>"; };
		8C2A0F481E22FBB500E31596 /* PHSaveAsset.m */ = {isa = PBXFileReference; fileEncoding = 4; lastKnownFileType = sourcecode.c.objc; path = PHSaveAsset.m; sourceTree = "<group>"; };
		8C2A0FB61E2584F300E31596 /* RNPFFileDownloader.h */ = {isa = PBXFileReference; fileEncoding = 4; lastKnownFileType = sourcecode.c.h; path = RNPFFileDownloader.h; sourceTree = "<group>"; };
		8C2A0FB71E2584F300E31596 /* RNPFFileDownloader.m */ = {isa = PBXFileReference; fileEncoding = 4; lastKnownFileType = sourcecode.c.objc; path = RNPFFileDownloader.m; sourceTree = "<group>"; };
		8C2A0FC51E2788F800E31596 /* PHCreateMediaQueue.h */ = {isa = PBXFileReference; fileEncoding = 4; lastKnownFileType = sourcecode.c.h; path = PHCreateMediaQueue.h; sourceTree = "<group>"; };
		8C2A0FC61E2788F800E31596 /* PHCreateMediaQueue.m */ = {isa = PBXFileReference; fileEncoding = 4; lastKnownFileType = sourcecode.c.objc; path = PHCreateMediaQueue.m; sourceTree = "<group>"; };
		8C2A0FC81E27940300E31596 /* PHOperationResult.h */ = {isa = PBXFileReference; fileEncoding = 4; lastKnownFileType = sourcecode.c.h; path = PHOperationResult.h; sourceTree = "<group>"; };
		8C2A0FC91E27940300E31596 /* PHOperationResult.m */ = {isa = PBXFileReference; fileEncoding = 4; lastKnownFileType = sourcecode.c.objc; path = PHOperationResult.m; sourceTree = "<group>"; };
		8C2A0FCB1E2826E200E31596 /* iDebounce.h */ = {isa = PBXFileReference; fileEncoding = 4; lastKnownFileType = sourcecode.c.h; path = iDebounce.h; sourceTree = "<group>"; };
		8C2A0FCC1E2826E200E31596 /* iDebounce.m */ = {isa = PBXFileReference; fileEncoding = 4; lastKnownFileType = sourcecode.c.objc; path = iDebounce.m; sourceTree = "<group>"; };
		8C2A0FCE1E283B6400E31596 /* PHCache.h */ = {isa = PBXFileReference; fileEncoding = 4; lastKnownFileType = sourcecode.c.h; path = PHCache.h; sourceTree = "<group>"; };
		8C2A0FCF1E283B6400E31596 /* PHCache.m */ = {isa = PBXFileReference; fileEncoding = 4; lastKnownFileType = sourcecode.c.objc; path = PHCache.m; sourceTree = "<group>"; };
/* End PBXFileReference section */

/* Begin PBXFrameworksBuildPhase section */
		632D5ECD1DF19458006A862C /* Frameworks */ = {
			isa = PBXFrameworksBuildPhase;
			buildActionMask = 2147483647;
			files = (
				632D5EDD1DF19526006A862C /* libReact.a in Frameworks */,
				632D5ED51DF19458006A862C /* libRNPhotosFramework.a in Frameworks */,
			);
			runOnlyForDeploymentPostprocessing = 0;
		};
		632F8C101DB758E6007E83E1 /* Frameworks */ = {
			isa = PBXFrameworksBuildPhase;
			buildActionMask = 2147483647;
			files = (
			);
			runOnlyForDeploymentPostprocessing = 0;
		};
/* End PBXFrameworksBuildPhase section */

/* Begin PBXGroup section */
		632D5ED11DF19458006A862C /* RNPhotosFrameworkTests */ = {
			isa = PBXGroup;
			children = (
				632D5ED21DF19458006A862C /* PHAssetsService_getAssetsForFetchResultTests.m */,
				632D5ED41DF19458006A862C /* Info.plist */,
				63880A7A1E1281F3007532B2 /* RCTConvert+RNPhotosFrameworkTests.m */,
			);
			path = RNPhotosFrameworkTests;
			sourceTree = "<group>";
		};
		632D5EDB1DF19525006A862C /* Frameworks */ = {
			isa = PBXGroup;
			children = (
				632D5EDC1DF19526006A862C /* libReact.a */,
			);
			name = Frameworks;
			sourceTree = "<group>";
		};
		632F8C0A1DB758E6007E83E1 = {
			isa = PBXGroup;
			children = (
				632F8C151DB758E7007E83E1 /* RNPhotosFramework */,
				632D5ED11DF19458006A862C /* RNPhotosFrameworkTests */,
				632F8C141DB758E7007E83E1 /* Products */,
				632D5EDB1DF19525006A862C /* Frameworks */,
			);
			sourceTree = "<group>";
		};
		632F8C141DB758E7007E83E1 /* Products */ = {
			isa = PBXGroup;
			children = (
				632F8C131DB758E7007E83E1 /* libRNPhotosFramework.a */,
				632D5ED01DF19458006A862C /* RNPhotosFrameworkTests.xctest */,
			);
			name = Products;
			sourceTree = "<group>";
		};
		632F8C151DB758E7007E83E1 /* RNPhotosFramework */ = {
			isa = PBXGroup;
			children = (
				8CA929DD1E1FAE0200F79455 /* PHServices */,
				8CA929DC1E1FADDA00F79455 /* Models */,
				8CA929DB1E1FADB900F79455 /* Base */,
				632F8C231DB75A4A007E83E1 /* RNPFImageLoader.h */,
				632F8C241DB75A4A007E83E1 /* RNPFImageLoader.m */,
				632F8C211DB75A4A007E83E1 /* RNPFManager.h */,
				632F8C221DB75A4A007E83E1 /* RNPFManager.m */,
			);
			path = RNPhotosFramework;
			sourceTree = "<group>";
		};
		8CA929DB1E1FADB900F79455 /* Base */ = {
			isa = PBXGroup;
			children = (
				639BE3571DB82A7C00A2BE6F /* RCTConvert+RNPhotosFramework.h */,
				639BE3581DB82A7C00A2BE6F /* RCTConvert+RNPhotosFramework.m */,
				63C543461DC00BDA004BFE57 /* RNPFHelpers.h */,
				63C543471DC00BDA004BFE57 /* RNPFHelpers.m */,
				8C2A0FB61E2584F300E31596 /* RNPFFileDownloader.h */,
				8C2A0FB71E2584F300E31596 /* RNPFFileDownloader.m */,
			);
			name = Base;
			sourceTree = "<group>";
		};
		8CA929DC1E1FADDA00F79455 /* Models */ = {
			isa = PBXGroup;
			children = (
				8C2A0FCB1E2826E200E31596 /* iDebounce.h */,
				8C2A0FCC1E2826E200E31596 /* iDebounce.m */,
				6302902B1E0C7A1900A39835 /* PHAssetWithCollectionIndex.h */,
				6302902C1E0C7A1900A39835 /* PHAssetWithCollectionIndex.m */,
				63A33AA31DBE94350022B5FF /* PHCachedFetchResult.h */,
				63A33AA41DBE94350022B5FF /* PHCachedFetchResult.m */,
				6342E06E1DC346E300F7765E /* PHSaveAssetRequest.h */,
				6342E06F1DC346E300F7765E /* PHSaveAssetRequest.m */,
				8C2A0F471E22FBB500E31596 /* PHSaveAsset.h */,
				8C2A0F481E22FBB500E31596 /* PHSaveAsset.m */,
				8C2A0FC51E2788F800E31596 /* PHCreateMediaQueue.h */,
				8C2A0FC61E2788F800E31596 /* PHCreateMediaQueue.m */,
				8C2A0FC81E27940300E31596 /* PHOperationResult.h */,
				8C2A0FC91E27940300E31596 /* PHOperationResult.m */,
			);
			name = Models;
			sourceTree = "<group>";
		};
		8CA929DD1E1FAE0200F79455 /* PHServices */ = {
			isa = PBXGroup;
			children = (
				63A33AA61DBE9D3F0022B5FF /* PHAssetsService.h */,
				63A33AA71DBE9D3F0022B5FF /* PHAssetsService.m */,
				63A33AAC1DBE9DB80022B5FF /* PHFetchOptionsService.h */,
				63A33AAD1DBE9DB80022B5FF /* PHFetchOptionsService.m */,
				63A33AAF1DBEA06C0022B5FF /* PHCollectionService.h */,
				63A33AB01DBEA06C0022B5FF /* PHCollectionService.m */,
				639BE3641DBB902E00A2BE6F /* PHChangeObserver.h */,
				639BE3651DBB902E00A2BE6F /* PHChangeObserver.m */,
				632F8C1F1DB75A4A007E83E1 /* PHCachingImageManagerInstance.h */,
				632F8C201DB75A4A007E83E1 /* PHCachingImageManagerInstance.m */,
				8C2A0FCE1E283B6400E31596 /* PHCache.h */,
				8C2A0FCF1E283B6400E31596 /* PHCache.m */,
			);
			name = PHServices;
			sourceTree = "<group>";
		};
/* End PBXGroup section */

/* Begin PBXNativeTarget section */
		632D5ECF1DF19458006A862C /* RNPhotosFrameworkTests */ = {
			isa = PBXNativeTarget;
			buildConfigurationList = 632D5EDA1DF19458006A862C /* Build configuration list for PBXNativeTarget "RNPhotosFrameworkTests" */;
			buildPhases = (
				632D5ECC1DF19458006A862C /* Sources */,
				632D5ECD1DF19458006A862C /* Frameworks */,
				632D5ECE1DF19458006A862C /* Resources */,
			);
			buildRules = (
			);
			dependencies = (
				632D5ED71DF19458006A862C /* PBXTargetDependency */,
			);
			name = RNPhotosFrameworkTests;
			productName = RNPhotosFrameworkTests;
			productReference = 632D5ED01DF19458006A862C /* RNPhotosFrameworkTests.xctest */;
			productType = "com.apple.product-type.bundle.unit-test";
		};
		632F8C121DB758E6007E83E1 /* RNPhotosFramework */ = {
			isa = PBXNativeTarget;
			buildConfigurationList = 632F8C1C1DB758E7007E83E1 /* Build configuration list for PBXNativeTarget "RNPhotosFramework" */;
			buildPhases = (
				632F8C0F1DB758E6007E83E1 /* Sources */,
				632F8C101DB758E6007E83E1 /* Frameworks */,
				632F8C111DB758E6007E83E1 /* CopyFiles */,
			);
			buildRules = (
			);
			dependencies = (
			);
			name = RNPhotosFramework;
			productName = RNPhotosFramework;
			productReference = 632F8C131DB758E7007E83E1 /* libRNPhotosFramework.a */;
			productType = "com.apple.product-type.library.static";
		};
/* End PBXNativeTarget section */

/* Begin PBXProject section */
		632F8C0B1DB758E6007E83E1 /* Project object */ = {
			isa = PBXProject;
			attributes = {
				LastUpgradeCheck = 0820;
				ORGANIZATIONNAME = "Olof Dahlbom";
				TargetAttributes = {
					632D5ECF1DF19458006A862C = {
						CreatedOnToolsVersion = 8.1;
						DevelopmentTeam = 5BEG6QJ94B;
						ProvisioningStyle = Automatic;
					};
					632F8C121DB758E6007E83E1 = {
						CreatedOnToolsVersion = 8.0;
						DevelopmentTeam = 5BEG6QJ94B;
						ProvisioningStyle = Automatic;
					};
				};
			};
			buildConfigurationList = 632F8C0E1DB758E6007E83E1 /* Build configuration list for PBXProject "RNPhotosFramework" */;
			compatibilityVersion = "Xcode 3.2";
			developmentRegion = English;
			hasScannedForEncodings = 0;
			knownRegions = (
				en,
			);
			mainGroup = 632F8C0A1DB758E6007E83E1;
			productRefGroup = 632F8C141DB758E7007E83E1 /* Products */;
			projectDirPath = "";
			projectRoot = "";
			targets = (
				632F8C121DB758E6007E83E1 /* RNPhotosFramework */,
				632D5ECF1DF19458006A862C /* RNPhotosFrameworkTests */,
			);
		};
/* End PBXProject section */

/* Begin PBXResourcesBuildPhase section */
		632D5ECE1DF19458006A862C /* Resources */ = {
			isa = PBXResourcesBuildPhase;
			buildActionMask = 2147483647;
			files = (
			);
			runOnlyForDeploymentPostprocessing = 0;
		};
/* End PBXResourcesBuildPhase section */

/* Begin PBXSourcesBuildPhase section */
		632D5ECC1DF19458006A862C /* Sources */ = {
			isa = PBXSourcesBuildPhase;
			buildActionMask = 2147483647;
			files = (
				632D5ED31DF19458006A862C /* PHAssetsService_getAssetsForFetchResultTests.m in Sources */,
				63880A7B1E1281F3007532B2 /* RCTConvert+RNPhotosFrameworkTests.m in Sources */,
			);
			runOnlyForDeploymentPostprocessing = 0;
		};
		632F8C0F1DB758E6007E83E1 /* Sources */ = {
			isa = PBXSourcesBuildPhase;
			buildActionMask = 2147483647;
			files = (
				632F8C251DB75A4A007E83E1 /* PHCachingImageManagerInstance.m in Sources */,
				63A33AAE1DBE9DB80022B5FF /* PHFetchOptionsService.m in Sources */,
				63A33AA51DBE94350022B5FF /* PHCachedFetchResult.m in Sources */,
				6302902D1E0C7A1900A39835 /* PHAssetWithCollectionIndex.m in Sources */,
				63A33AB11DBEA06C0022B5FF /* PHCollectionService.m in Sources */,
				639BE3591DB82A7C00A2BE6F /* RCTConvert+RNPhotosFramework.m in Sources */,
				8C2A0FCA1E27940300E31596 /* PHOperationResult.m in Sources */,
				8C2A0FC71E2788F800E31596 /* PHCreateMediaQueue.m in Sources */,
				63C543481DC00BDA004BFE57 /* RNPFHelpers.m in Sources */,
				632F8C261DB75A4A007E83E1 /* RNPFManager.m in Sources */,
				8C2A0FD01E283B6400E31596 /* PHCache.m in Sources */,
				8C2A0FCD1E2826E300E31596 /* iDebounce.m in Sources */,
				6342E0701DC346E300F7765E /* PHSaveAssetRequest.m in Sources */,
				8C2A0F491E22FBB500E31596 /* PHSaveAsset.m in Sources */,
				63A33AA81DBE9D3F0022B5FF /* PHAssetsService.m in Sources */,
				8C2A0FB81E2584F300E31596 /* RNPFFileDownloader.m in Sources */,
				632F8C271DB75A4A007E83E1 /* RNPFImageLoader.m in Sources */,
				639BE3661DBB902E00A2BE6F /* PHChangeObserver.m in Sources */,
			);
			runOnlyForDeploymentPostprocessing = 0;
		};
/* End PBXSourcesBuildPhase section */

/* Begin PBXTargetDependency section */
		632D5ED71DF19458006A862C /* PBXTargetDependency */ = {
			isa = PBXTargetDependency;
			target = 632F8C121DB758E6007E83E1 /* RNPhotosFramework */;
			targetProxy = 632D5ED61DF19458006A862C /* PBXContainerItemProxy */;
		};
/* End PBXTargetDependency section */

/* Begin XCBuildConfiguration section */
		632D5ED81DF19458006A862C /* Debug */ = {
			isa = XCBuildConfiguration;
			buildSettings = {
				DEVELOPMENT_TEAM = 5BEG6QJ94B;
				HEADER_SEARCH_PATHS = (
					"$(SRCROOT)/../../react-native/React/**",
					"$(SRCROOT)/../../react-native/Libraries/Image",
					"$(SRCROOT)/../example/node_modules/react-native/React/**",
					"$(SRCROOT)/../example/node_modules/react-native/Libraries/Image",
				);
				INFOPLIST_FILE = RNPhotosFrameworkTests/Info.plist;
				IPHONEOS_DEPLOYMENT_TARGET = 10.1;
				LD_RUNPATH_SEARCH_PATHS = "$(inherited) @executable_path/Frameworks @loader_path/Frameworks";
				OTHER_LDFLAGS = (
					"-ObjC",
					"-lc++",
				);
				PRODUCT_BUNDLE_IDENTIFIER = com.olof.dahlbom.RNPhotosFrameworkTests;
				PRODUCT_NAME = "$(TARGET_NAME)";
			};
			name = Debug;
		};
		632D5ED91DF19458006A862C /* Release */ = {
			isa = XCBuildConfiguration;
			buildSettings = {
				DEVELOPMENT_TEAM = 5BEG6QJ94B;
				HEADER_SEARCH_PATHS = (
					"$(SRCROOT)/../../react-native/React/**",
					"$(SRCROOT)/../../react-native/Libraries/Image",
					"$(SRCROOT)/../example/node_modules/react-native/React/**",
					"$(SRCROOT)/../example/node_modules/react-native/Libraries/Image",
				);
				INFOPLIST_FILE = RNPhotosFrameworkTests/Info.plist;
				IPHONEOS_DEPLOYMENT_TARGET = 10.1;
				LD_RUNPATH_SEARCH_PATHS = "$(inherited) @executable_path/Frameworks @loader_path/Frameworks";
				OTHER_LDFLAGS = (
					"-ObjC",
					"-lc++",
				);
				PRODUCT_BUNDLE_IDENTIFIER = com.olof.dahlbom.RNPhotosFrameworkTests;
				PRODUCT_NAME = "$(TARGET_NAME)";
			};
			name = Release;
		};
		632F8C1A1DB758E7007E83E1 /* Debug */ = {
			isa = XCBuildConfiguration;
			buildSettings = {
				ALWAYS_SEARCH_USER_PATHS = NO;
				CLANG_ANALYZER_NONNULL = YES;
				CLANG_CXX_LANGUAGE_STANDARD = "gnu++0x";
				CLANG_CXX_LIBRARY = "libc++";
				CLANG_ENABLE_MODULES = YES;
				CLANG_ENABLE_OBJC_ARC = YES;
				CLANG_WARN_BOOL_CONVERSION = YES;
				CLANG_WARN_CONSTANT_CONVERSION = YES;
				CLANG_WARN_DIRECT_OBJC_ISA_USAGE = YES_ERROR;
				CLANG_WARN_DOCUMENTATION_COMMENTS = YES;
				CLANG_WARN_EMPTY_BODY = YES;
				CLANG_WARN_ENUM_CONVERSION = YES;
				CLANG_WARN_INFINITE_RECURSION = YES;
				CLANG_WARN_INT_CONVERSION = YES;
				CLANG_WARN_OBJC_ROOT_CLASS = YES_ERROR;
				CLANG_WARN_SUSPICIOUS_MOVE = YES;
				CLANG_WARN_SUSPICIOUS_MOVES = YES;
				CLANG_WARN_UNREACHABLE_CODE = YES;
				CLANG_WARN__DUPLICATE_METHOD_MATCH = YES;
				"CODE_SIGN_IDENTITY[sdk=iphoneos*]" = "iPhone Developer";
				COPY_PHASE_STRIP = NO;
				DEBUG_INFORMATION_FORMAT = dwarf;
				ENABLE_STRICT_OBJC_MSGSEND = YES;
				ENABLE_TESTABILITY = YES;
				GCC_C_LANGUAGE_STANDARD = gnu99;
				GCC_DYNAMIC_NO_PIC = NO;
				GCC_NO_COMMON_BLOCKS = YES;
				GCC_OPTIMIZATION_LEVEL = 0;
				GCC_PREPROCESSOR_DEFINITIONS = (
					"DEBUG=1",
					"$(inherited)",
				);
				GCC_WARN_64_TO_32_BIT_CONVERSION = YES;
				GCC_WARN_ABOUT_RETURN_TYPE = YES_ERROR;
				GCC_WARN_UNDECLARED_SELECTOR = YES;
				GCC_WARN_UNINITIALIZED_AUTOS = YES_AGGRESSIVE;
				GCC_WARN_UNUSED_FUNCTION = YES;
				GCC_WARN_UNUSED_VARIABLE = YES;
				IPHONEOS_DEPLOYMENT_TARGET = 10.0;
				MTL_ENABLE_DEBUG_INFO = YES;
				ONLY_ACTIVE_ARCH = YES;
				SDKROOT = iphoneos;
			};
			name = Debug;
		};
		632F8C1B1DB758E7007E83E1 /* Release */ = {
			isa = XCBuildConfiguration;
			buildSettings = {
				ALWAYS_SEARCH_USER_PATHS = NO;
				CLANG_ANALYZER_NONNULL = YES;
				CLANG_CXX_LANGUAGE_STANDARD = "gnu++0x";
				CLANG_CXX_LIBRARY = "libc++";
				CLANG_ENABLE_MODULES = YES;
				CLANG_ENABLE_OBJC_ARC = YES;
				CLANG_WARN_BOOL_CONVERSION = YES;
				CLANG_WARN_CONSTANT_CONVERSION = YES;
				CLANG_WARN_DIRECT_OBJC_ISA_USAGE = YES_ERROR;
				CLANG_WARN_DOCUMENTATION_COMMENTS = YES;
				CLANG_WARN_EMPTY_BODY = YES;
				CLANG_WARN_ENUM_CONVERSION = YES;
				CLANG_WARN_INFINITE_RECURSION = YES;
				CLANG_WARN_INT_CONVERSION = YES;
				CLANG_WARN_OBJC_ROOT_CLASS = YES_ERROR;
				CLANG_WARN_SUSPICIOUS_MOVE = YES;
				CLANG_WARN_SUSPICIOUS_MOVES = YES;
				CLANG_WARN_UNREACHABLE_CODE = YES;
				CLANG_WARN__DUPLICATE_METHOD_MATCH = YES;
				"CODE_SIGN_IDENTITY[sdk=iphoneos*]" = "iPhone Developer";
				COPY_PHASE_STRIP = NO;
				DEBUG_INFORMATION_FORMAT = "dwarf-with-dsym";
				ENABLE_NS_ASSERTIONS = NO;
				ENABLE_STRICT_OBJC_MSGSEND = YES;
				GCC_C_LANGUAGE_STANDARD = gnu99;
				GCC_NO_COMMON_BLOCKS = YES;
				GCC_WARN_64_TO_32_BIT_CONVERSION = YES;
				GCC_WARN_ABOUT_RETURN_TYPE = YES_ERROR;
				GCC_WARN_UNDECLARED_SELECTOR = YES;
				GCC_WARN_UNINITIALIZED_AUTOS = YES_AGGRESSIVE;
				GCC_WARN_UNUSED_FUNCTION = YES;
				GCC_WARN_UNUSED_VARIABLE = YES;
				IPHONEOS_DEPLOYMENT_TARGET = 10.0;
				MTL_ENABLE_DEBUG_INFO = NO;
				SDKROOT = iphoneos;
				VALIDATE_PRODUCT = YES;
			};
			name = Release;
		};
		632F8C1D1DB758E7007E83E1 /* Debug */ = {
			isa = XCBuildConfiguration;
			buildSettings = {
				DEVELOPMENT_TEAM = 5BEG6QJ94B;
				HEADER_SEARCH_PATHS = "";
				OTHER_LDFLAGS = "-ObjC";
				PRODUCT_NAME = "$(TARGET_NAME)";
				SKIP_INSTALL = YES;
			};
			name = Debug;
		};
		632F8C1E1DB758E7007E83E1 /* Release */ = {
			isa = XCBuildConfiguration;
			buildSettings = {
				DEVELOPMENT_TEAM = 5BEG6QJ94B;
				HEADER_SEARCH_PATHS = "";
				OTHER_LDFLAGS = "-ObjC";
				PRODUCT_NAME = "$(TARGET_NAME)";
				SKIP_INSTALL = YES;
			};
			name = Release;
		};
/* End XCBuildConfiguration section */

/* Begin XCConfigurationList section */
		632D5EDA1DF19458006A862C /* Build configuration list for PBXNativeTarget "RNPhotosFrameworkTests" */ = {
			isa = XCConfigurationList;
			buildConfigurations = (
				632D5ED81DF19458006A862C /* Debug */,
				632D5ED91DF19458006A862C /* Release */,
			);
			defaultConfigurationIsVisible = 0;
			defaultConfigurationName = Release;
		};
		632F8C0E1DB758E6007E83E1 /* Build configuration list for PBXProject "RNPhotosFramework" */ = {
			isa = XCConfigurationList;
			buildConfigurations = (
				632F8C1A1DB758E7007E83E1 /* Debug */,
				632F8C1B1DB758E7007E83E1 /* Release */,
			);
			defaultConfigurationIsVisible = 0;
			defaultConfigurationName = Release;
		};
		632F8C1C1DB758E7007E83E1 /* Build configuration list for PBXNativeTarget "RNPhotosFramework" */ = {
			isa = XCConfigurationList;
			buildConfigurations = (
				632F8C1D1DB758E7007E83E1 /* Debug */,
				632F8C1E1DB758E7007E83E1 /* Release */,
			);
			defaultConfigurationIsVisible = 0;
			defaultConfigurationName = Release;
		};
/* End XCConfigurationList section */
	};
	rootObject = 632F8C0B1DB758E6007E83E1 /* Project object */;
}
