// !$*UTF8*$!
{
	archiveVersion = 1;
	classes = {
	};
	objectVersion = 46;
	objects = {

/* Begin PBXBuildFile section */
		632F8C251DB75A4A007E83E1 /* PHCachingImageManagerInstance.m in Sources */ = {isa = PBXBuildFile; fileRef = 632F8C201DB75A4A007E83E1 /* PHCachingImageManagerInstance.m */; };
		632F8C261DB75A4A007E83E1 /* RCTCameraRollRNPhotosFrameworkManager.m in Sources */ = {isa = PBXBuildFile; fileRef = 632F8C221DB75A4A007E83E1 /* RCTCameraRollRNPhotosFrameworkManager.m */; };
		632F8C271DB75A4A007E83E1 /* RCTImageLoaderRNPhotosFramework.m in Sources */ = {isa = PBXBuildFile; fileRef = 632F8C241DB75A4A007E83E1 /* RCTImageLoaderRNPhotosFramework.m */; };
		6342E0701DC346E300F7765E /* PHSaveAssetRequest.m in Sources */ = {isa = PBXBuildFile; fileRef = 6342E06F1DC346E300F7765E /* PHSaveAssetRequest.m */; };
		639BE3591DB82A7C00A2BE6F /* RCTConvert+RNPhotosFramework.m in Sources */ = {isa = PBXBuildFile; fileRef = 639BE3581DB82A7C00A2BE6F /* RCTConvert+RNPhotosFramework.m */; };
		639BE3661DBB902E00A2BE6F /* PHChangeObserver.m in Sources */ = {isa = PBXBuildFile; fileRef = 639BE3651DBB902E00A2BE6F /* PHChangeObserver.m */; };
		63A33AA51DBE94350022B5FF /* RCTCachedFetchResult.m in Sources */ = {isa = PBXBuildFile; fileRef = 63A33AA41DBE94350022B5FF /* RCTCachedFetchResult.m */; };
		63A33AA81DBE9D3F0022B5FF /* PHAssetsService.m in Sources */ = {isa = PBXBuildFile; fileRef = 63A33AA71DBE9D3F0022B5FF /* PHAssetsService.m */; };
		63A33AAE1DBE9DB80022B5FF /* PHFetchOptionsService.m in Sources */ = {isa = PBXBuildFile; fileRef = 63A33AAD1DBE9DB80022B5FF /* PHFetchOptionsService.m */; };
		63A33AB11DBEA06C0022B5FF /* PHCollectionService.m in Sources */ = {isa = PBXBuildFile; fileRef = 63A33AB01DBEA06C0022B5FF /* PHCollectionService.m */; };
		63C543481DC00BDA004BFE57 /* PHHelpers.m in Sources */ = {isa = PBXBuildFile; fileRef = 63C543471DC00BDA004BFE57 /* PHHelpers.m */; };
/* End PBXBuildFile section */

/* Begin PBXCopyFilesBuildPhase section */
		632F8C111DB758E6007E83E1 /* CopyFiles */ = {
			isa = PBXCopyFilesBuildPhase;
			buildActionMask = 2147483647;
			dstPath = "include/$(PRODUCT_NAME)";
			dstSubfolderSpec = 16;
			files = (
			);
			runOnlyForDeploymentPostprocessing = 0;
		};
/* End PBXCopyFilesBuildPhase section */

/* Begin PBXFileReference section */
		632F8C131DB758E7007E83E1 /* libRNPhotosFramework.a */ = {isa = PBXFileReference; explicitFileType = archive.ar; includeInIndex = 0; path = libRNPhotosFramework.a; sourceTree = BUILT_PRODUCTS_DIR; };
		632F8C1F1DB75A4A007E83E1 /* PHCachingImageManagerInstance.h */ = {isa = PBXFileReference; fileEncoding = 4; lastKnownFileType = sourcecode.c.h; path = PHCachingImageManagerInstance.h; sourceTree = "<group>"; };
		632F8C201DB75A4A007E83E1 /* PHCachingImageManagerInstance.m */ = {isa = PBXFileReference; fileEncoding = 4; lastKnownFileType = sourcecode.c.objc; path = PHCachingImageManagerInstance.m; sourceTree = "<group>"; };
		632F8C211DB75A4A007E83E1 /* RCTCameraRollRNPhotosFrameworkManager.h */ = {isa = PBXFileReference; fileEncoding = 4; lastKnownFileType = sourcecode.c.h; path = RCTCameraRollRNPhotosFrameworkManager.h; sourceTree = "<group>"; };
		632F8C221DB75A4A007E83E1 /* RCTCameraRollRNPhotosFrameworkManager.m */ = {isa = PBXFileReference; fileEncoding = 4; lastKnownFileType = sourcecode.c.objc; path = RCTCameraRollRNPhotosFrameworkManager.m; sourceTree = "<group>"; };
		632F8C231DB75A4A007E83E1 /* RCTImageLoaderRNPhotosFramework.h */ = {isa = PBXFileReference; fileEncoding = 4; lastKnownFileType = sourcecode.c.h; path = RCTImageLoaderRNPhotosFramework.h; sourceTree = "<group>"; };
		632F8C241DB75A4A007E83E1 /* RCTImageLoaderRNPhotosFramework.m */ = {isa = PBXFileReference; fileEncoding = 4; lastKnownFileType = sourcecode.c.objc; path = RCTImageLoaderRNPhotosFramework.m; sourceTree = "<group>"; };
		6342E06E1DC346E300F7765E /* PHSaveAssetRequest.h */ = {isa = PBXFileReference; fileEncoding = 4; lastKnownFileType = sourcecode.c.h; path = PHSaveAssetRequest.h; sourceTree = "<group>"; };
		6342E06F1DC346E300F7765E /* PHSaveAssetRequest.m */ = {isa = PBXFileReference; fileEncoding = 4; lastKnownFileType = sourcecode.c.objc; path = PHSaveAssetRequest.m; sourceTree = "<group>"; };
		639BE3571DB82A7C00A2BE6F /* RCTConvert+RNPhotosFramework.h */ = {isa = PBXFileReference; fileEncoding = 4; lastKnownFileType = sourcecode.c.h; path = "RCTConvert+RNPhotosFramework.h"; sourceTree = "<group>"; };
		639BE3581DB82A7C00A2BE6F /* RCTConvert+RNPhotosFramework.m */ = {isa = PBXFileReference; fileEncoding = 4; lastKnownFileType = sourcecode.c.objc; path = "RCTConvert+RNPhotosFramework.m"; sourceTree = "<group>"; };
		639BE3641DBB902E00A2BE6F /* PHChangeObserver.h */ = {isa = PBXFileReference; fileEncoding = 4; lastKnownFileType = sourcecode.c.h; path = PHChangeObserver.h; sourceTree = "<group>"; };
		639BE3651DBB902E00A2BE6F /* PHChangeObserver.m */ = {isa = PBXFileReference; fileEncoding = 4; lastKnownFileType = sourcecode.c.objc; path = PHChangeObserver.m; sourceTree = "<group>"; };
		63A33AA31DBE94350022B5FF /* RCTCachedFetchResult.h */ = {isa = PBXFileReference; fileEncoding = 4; lastKnownFileType = sourcecode.c.h; path = RCTCachedFetchResult.h; sourceTree = "<group>"; };
		63A33AA41DBE94350022B5FF /* RCTCachedFetchResult.m */ = {isa = PBXFileReference; fileEncoding = 4; lastKnownFileType = sourcecode.c.objc; path = RCTCachedFetchResult.m; sourceTree = "<group>"; };
		63A33AA61DBE9D3F0022B5FF /* PHAssetsService.h */ = {isa = PBXFileReference; fileEncoding = 4; lastKnownFileType = sourcecode.c.h; path = PHAssetsService.h; sourceTree = "<group>"; };
		63A33AA71DBE9D3F0022B5FF /* PHAssetsService.m */ = {isa = PBXFileReference; fileEncoding = 4; lastKnownFileType = sourcecode.c.objc; path = PHAssetsService.m; sourceTree = "<group>"; };
		63A33AAC1DBE9DB80022B5FF /* PHFetchOptionsService.h */ = {isa = PBXFileReference; fileEncoding = 4; lastKnownFileType = sourcecode.c.h; path = PHFetchOptionsService.h; sourceTree = "<group>"; };
		63A33AAD1DBE9DB80022B5FF /* PHFetchOptionsService.m */ = {isa = PBXFileReference; fileEncoding = 4; lastKnownFileType = sourcecode.c.objc; path = PHFetchOptionsService.m; sourceTree = "<group>"; };
		63A33AAF1DBEA06C0022B5FF /* PHCollectionService.h */ = {isa = PBXFileReference; fileEncoding = 4; lastKnownFileType = sourcecode.c.h; path = PHCollectionService.h; sourceTree = "<group>"; };
		63A33AB01DBEA06C0022B5FF /* PHCollectionService.m */ = {isa = PBXFileReference; fileEncoding = 4; lastKnownFileType = sourcecode.c.objc; path = PHCollectionService.m; sourceTree = "<group>"; };
		63C543461DC00BDA004BFE57 /* PHHelpers.h */ = {isa = PBXFileReference; fileEncoding = 4; lastKnownFileType = sourcecode.c.h; path = PHHelpers.h; sourceTree = "<group>"; };
		63C543471DC00BDA004BFE57 /* PHHelpers.m */ = {isa = PBXFileReference; fileEncoding = 4; lastKnownFileType = sourcecode.c.objc; path = PHHelpers.m; sourceTree = "<group>"; };
/* End PBXFileReference section */

/* Begin PBXFrameworksBuildPhase section */
		632F8C101DB758E6007E83E1 /* Frameworks */ = {
			isa = PBXFrameworksBuildPhase;
			buildActionMask = 2147483647;
			files = (
			);
			runOnlyForDeploymentPostprocessing = 0;
		};
/* End PBXFrameworksBuildPhase section */

/* Begin PBXGroup section */
		632F8C0A1DB758E6007E83E1 = {
			isa = PBXGroup;
			children = (
				632F8C151DB758E7007E83E1 /* RNPhotosFramework */,
				632F8C141DB758E7007E83E1 /* Products */,
			);
			sourceTree = "<group>";
		};
		632F8C141DB758E7007E83E1 /* Products */ = {
			isa = PBXGroup;
			children = (
				632F8C131DB758E7007E83E1 /* libRNPhotosFramework.a */,
			);
			name = Products;
			sourceTree = "<group>";
		};
		632F8C151DB758E7007E83E1 /* RNPhotosFramework */ = {
			isa = PBXGroup;
			children = (
				632F8C1F1DB75A4A007E83E1 /* PHCachingImageManagerInstance.h */,
				632F8C201DB75A4A007E83E1 /* PHCachingImageManagerInstance.m */,
				632F8C211DB75A4A007E83E1 /* RCTCameraRollRNPhotosFrameworkManager.h */,
				632F8C221DB75A4A007E83E1 /* RCTCameraRollRNPhotosFrameworkManager.m */,
				632F8C231DB75A4A007E83E1 /* RCTImageLoaderRNPhotosFramework.h */,
				632F8C241DB75A4A007E83E1 /* RCTImageLoaderRNPhotosFramework.m */,
				639BE3571DB82A7C00A2BE6F /* RCTConvert+RNPhotosFramework.h */,
				639BE3581DB82A7C00A2BE6F /* RCTConvert+RNPhotosFramework.m */,
				639BE3641DBB902E00A2BE6F /* PHChangeObserver.h */,
				639BE3651DBB902E00A2BE6F /* PHChangeObserver.m */,
				63A33AA31DBE94350022B5FF /* RCTCachedFetchResult.h */,
				63A33AA41DBE94350022B5FF /* RCTCachedFetchResult.m */,
				63A33AA61DBE9D3F0022B5FF /* PHAssetsService.h */,
				63A33AA71DBE9D3F0022B5FF /* PHAssetsService.m */,
				63A33AAC1DBE9DB80022B5FF /* PHFetchOptionsService.h */,
				63A33AAD1DBE9DB80022B5FF /* PHFetchOptionsService.m */,
				63A33AAF1DBEA06C0022B5FF /* PHCollectionService.h */,
				63A33AB01DBEA06C0022B5FF /* PHCollectionService.m */,
				63C543461DC00BDA004BFE57 /* PHHelpers.h */,
				63C543471DC00BDA004BFE57 /* PHHelpers.m */,
				6342E06E1DC346E300F7765E /* PHSaveAssetRequest.h */,
				6342E06F1DC346E300F7765E /* PHSaveAssetRequest.m */,
			);
			path = RNPhotosFramework;
			sourceTree = "<group>";
		};
/* End PBXGroup section */

/* Begin PBXNativeTarget section */
		632F8C121DB758E6007E83E1 /* RNPhotosFramework */ = {
			isa = PBXNativeTarget;
			buildConfigurationList = 632F8C1C1DB758E7007E83E1 /* Build configuration list for PBXNativeTarget "RNPhotosFramework" */;
			buildPhases = (
				632F8C0F1DB758E6007E83E1 /* Sources */,
				632F8C101DB758E6007E83E1 /* Frameworks */,
				632F8C111DB758E6007E83E1 /* CopyFiles */,
			);
			buildRules = (
			);
			dependencies = (
			);
			name = RNPhotosFramework;
			productName = RNPhotosFramework;
			productReference = 632F8C131DB758E7007E83E1 /* libRNPhotosFramework.a */;
			productType = "com.apple.product-type.library.static";
		};
/* End PBXNativeTarget section */

/* Begin PBXProject section */
		632F8C0B1DB758E6007E83E1 /* Project object */ = {
			isa = PBXProject;
			attributes = {
				LastUpgradeCheck = 0800;
				ORGANIZATIONNAME = "Olof Dahlbom";
				TargetAttributes = {
					632F8C121DB758E6007E83E1 = {
						CreatedOnToolsVersion = 8.0;
						DevelopmentTeam = 5BEG6QJ94B;
						ProvisioningStyle = Automatic;
					};
				};
			};
			buildConfigurationList = 632F8C0E1DB758E6007E83E1 /* Build configuration list for PBXProject "RNPhotosFramework" */;
			compatibilityVersion = "Xcode 3.2";
			developmentRegion = English;
			hasScannedForEncodings = 0;
			knownRegions = (
				en,
			);
			mainGroup = 632F8C0A1DB758E6007E83E1;
			productRefGroup = 632F8C141DB758E7007E83E1 /* Products */;
			projectDirPath = "";
			projectRoot = "";
			targets = (
				632F8C121DB758E6007E83E1 /* RNPhotosFramework */,
			);
		};
/* End PBXProject section */

/* Begin PBXSourcesBuildPhase section */
		632F8C0F1DB758E6007E83E1 /* Sources */ = {
			isa = PBXSourcesBuildPhase;
			buildActionMask = 2147483647;
			files = (
				632F8C251DB75A4A007E83E1 /* PHCachingImageManagerInstance.m in Sources */,
				63A33AAE1DBE9DB80022B5FF /* PHFetchOptionsService.m in Sources */,
				63A33AA51DBE94350022B5FF /* RCTCachedFetchResult.m in Sources */,
				63A33AB11DBEA06C0022B5FF /* PHCollectionService.m in Sources */,
				639BE3591DB82A7C00A2BE6F /* RCTConvert+RNPhotosFramework.m in Sources */,
				63C543481DC00BDA004BFE57 /* PHHelpers.m in Sources */,
				632F8C261DB75A4A007E83E1 /* RCTCameraRollRNPhotosFrameworkManager.m in Sources */,
				6342E0701DC346E300F7765E /* PHSaveAssetRequest.m in Sources */,
				63A33AA81DBE9D3F0022B5FF /* PHAssetsService.m in Sources */,
				632F8C271DB75A4A007E83E1 /* RCTImageLoaderRNPhotosFramework.m in Sources */,
				639BE3661DBB902E00A2BE6F /* PHChangeObserver.m in Sources */,
			);
			runOnlyForDeploymentPostprocessing = 0;
		};
/* End PBXSourcesBuildPhase section */

/* Begin XCBuildConfiguration section */
		632F8C1A1DB758E7007E83E1 /* Debug */ = {
			isa = XCBuildConfiguration;
			buildSettings = {
				ALWAYS_SEARCH_USER_PATHS = NO;
				CLANG_ANALYZER_NONNULL = YES;
				CLANG_CXX_LANGUAGE_STANDARD = "gnu++0x";
				CLANG_CXX_LIBRARY = "libc++";
				CLANG_ENABLE_MODULES = YES;
				CLANG_ENABLE_OBJC_ARC = YES;
				CLANG_WARN_BOOL_CONVERSION = YES;
				CLANG_WARN_CONSTANT_CONVERSION = YES;
				CLANG_WARN_DIRECT_OBJC_ISA_USAGE = YES_ERROR;
				CLANG_WARN_DOCUMENTATION_COMMENTS = YES;
				CLANG_WARN_EMPTY_BODY = YES;
				CLANG_WARN_ENUM_CONVERSION = YES;
				CLANG_WARN_INFINITE_RECURSION = YES;
				CLANG_WARN_INT_CONVERSION = YES;
				CLANG_WARN_OBJC_ROOT_CLASS = YES_ERROR;
				CLANG_WARN_SUSPICIOUS_MOVES = YES;
				CLANG_WARN_UNREACHABLE_CODE = YES;
				CLANG_WARN__DUPLICATE_METHOD_MATCH = YES;
				"CODE_SIGN_IDENTITY[sdk=iphoneos*]" = "iPhone Developer";
				COPY_PHASE_STRIP = NO;
				DEBUG_INFORMATION_FORMAT = dwarf;
				ENABLE_STRICT_OBJC_MSGSEND = YES;
				ENABLE_TESTABILITY = YES;
				GCC_C_LANGUAGE_STANDARD = gnu99;
				GCC_DYNAMIC_NO_PIC = NO;
				GCC_NO_COMMON_BLOCKS = YES;
				GCC_OPTIMIZATION_LEVEL = 0;
				GCC_PREPROCESSOR_DEFINITIONS = (
					"DEBUG=1",
					"$(inherited)",
				);
				GCC_WARN_64_TO_32_BIT_CONVERSION = YES;
				GCC_WARN_ABOUT_RETURN_TYPE = YES_ERROR;
				GCC_WARN_UNDECLARED_SELECTOR = YES;
				GCC_WARN_UNINITIALIZED_AUTOS = YES_AGGRESSIVE;
				GCC_WARN_UNUSED_FUNCTION = YES;
				GCC_WARN_UNUSED_VARIABLE = YES;
				IPHONEOS_DEPLOYMENT_TARGET = 10.0;
				MTL_ENABLE_DEBUG_INFO = YES;
				ONLY_ACTIVE_ARCH = YES;
				SDKROOT = iphoneos;
			};
			name = Debug;
		};
		632F8C1B1DB758E7007E83E1 /* Release */ = {
			isa = XCBuildConfiguration;
			buildSettings = {
				ALWAYS_SEARCH_USER_PATHS = NO;
				CLANG_ANALYZER_NONNULL = YES;
				CLANG_CXX_LANGUAGE_STANDARD = "gnu++0x";
				CLANG_CXX_LIBRARY = "libc++";
				CLANG_ENABLE_MODULES = YES;
				CLANG_ENABLE_OBJC_ARC = YES;
				CLANG_WARN_BOOL_CONVERSION = YES;
				CLANG_WARN_CONSTANT_CONVERSION = YES;
				CLANG_WARN_DIRECT_OBJC_ISA_USAGE = YES_ERROR;
				CLANG_WARN_DOCUMENTATION_COMMENTS = YES;
				CLANG_WARN_EMPTY_BODY = YES;
				CLANG_WARN_ENUM_CONVERSION = YES;
				CLANG_WARN_INFINITE_RECURSION = YES;
				CLANG_WARN_INT_CONVERSION = YES;
				CLANG_WARN_OBJC_ROOT_CLASS = YES_ERROR;
				CLANG_WARN_SUSPICIOUS_MOVES = YES;
				CLANG_WARN_UNREACHABLE_CODE = YES;
				CLANG_WARN__DUPLICATE_METHOD_MATCH = YES;
				"CODE_SIGN_IDENTITY[sdk=iphoneos*]" = "iPhone Developer";
				COPY_PHASE_STRIP = NO;
				DEBUG_INFORMATION_FORMAT = "dwarf-with-dsym";
				ENABLE_NS_ASSERTIONS = NO;
				ENABLE_STRICT_OBJC_MSGSEND = YES;
				GCC_C_LANGUAGE_STANDARD = gnu99;
				GCC_NO_COMMON_BLOCKS = YES;
				GCC_WARN_64_TO_32_BIT_CONVERSION = YES;
				GCC_WARN_ABOUT_RETURN_TYPE = YES_ERROR;
				GCC_WARN_UNDECLARED_SELECTOR = YES;
				GCC_WARN_UNINITIALIZED_AUTOS = YES_AGGRESSIVE;
				GCC_WARN_UNUSED_FUNCTION = YES;
				GCC_WARN_UNUSED_VARIABLE = YES;
				IPHONEOS_DEPLOYMENT_TARGET = 10.0;
				MTL_ENABLE_DEBUG_INFO = NO;
				SDKROOT = iphoneos;
				VALIDATE_PRODUCT = YES;
			};
			name = Release;
		};
		632F8C1D1DB758E7007E83E1 /* Debug */ = {
			isa = XCBuildConfiguration;
			buildSettings = {
				DEVELOPMENT_TEAM = 5BEG6QJ94B;
				HEADER_SEARCH_PATHS = (
					"$(SRCROOT)/../../gotlandskartan/app/node_modules/react-native/React/**",
					"$(SRCROOT)/../../gotlandskartan/app/node_modules/react-native/Libraries/Image",
					"$(SRCROOT)/../../react-native/React/**",
					"$(SRCROOT)/../../react-native/Libraries/Image",
				);
				OTHER_LDFLAGS = "-ObjC";
				PRODUCT_NAME = "$(TARGET_NAME)";
				SKIP_INSTALL = YES;
			};
			name = Debug;
		};
		632F8C1E1DB758E7007E83E1 /* Release */ = {
			isa = XCBuildConfiguration;
			buildSettings = {
				DEVELOPMENT_TEAM = 5BEG6QJ94B;
				HEADER_SEARCH_PATHS = (
					"$(SRCROOT)/../../gotlandskartan/app/node_modules/react-native/React/**",
					"$(SRCROOT)/../../gotlandskartan/app/node_modules/react-native/Libraries/Image",
					"$(SRCROOT)/../../react-native/React/**",
					"$(SRCROOT)/../../react-native/Libraries/Image",
				);
				OTHER_LDFLAGS = "-ObjC";
				PRODUCT_NAME = "$(TARGET_NAME)";
				SKIP_INSTALL = YES;
			};
			name = Release;
		};
/* End XCBuildConfiguration section */

/* Begin XCConfigurationList section */
		632F8C0E1DB758E6007E83E1 /* Build configuration list for PBXProject "RNPhotosFramework" */ = {
			isa = XCConfigurationList;
			buildConfigurations = (
				632F8C1A1DB758E7007E83E1 /* Debug */,
				632F8C1B1DB758E7007E83E1 /* Release */,
			);
			defaultConfigurationIsVisible = 0;
			defaultConfigurationName = Release;
		};
		632F8C1C1DB758E7007E83E1 /* Build configuration list for PBXNativeTarget "RNPhotosFramework" */ = {
			isa = XCConfigurationList;
			buildConfigurations = (
				632F8C1D1DB758E7007E83E1 /* Debug */,
				632F8C1E1DB758E7007E83E1 /* Release */,
			);
			defaultConfigurationIsVisible = 0;
			defaultConfigurationName = Release;
		};
/* End XCConfigurationList section */
	};
	rootObject = 632F8C0B1DB758E6007E83E1 /* Project object */;
}
